
Microsoft Visual Studio Solution File, Format Version 12.00
# Visual Studio Version 17
VisualStudioVersion = 17.7.34024.191
MinimumVisualStudioVersion = 10.0.40219.1
Project("{8BC9CEB8-8B4A-11D0-8D11-00A0C91BC942}") = "ThomasR_Lab4", "ThomasR_Lab4\ThomasR_Lab4.vcxproj", "{BF3DE836-0D80-4EC2-A889-A50863560153}"
EndProject
Global
	GlobalSection(SolutionConfigurationPlatforms) = preSolution
		Debug|x64 = Debug|x64
		Debug|x86 = Debug|x86
		Release|x64 = Release|x64
		Release|x86 = Release|x86
	EndGlobalSection
	GlobalSection(ProjectConfigurationPlatforms) = postSolution
		{BF3DE836-0D80-4EC2-A889-A50863560153}.Debug|x64.ActiveCfg = Debug|x64
		{BF3DE836-0D80-4EC2-A889-A50863560153}.Debug|x64.Build.0 = Debug|x64
		{BF3DE836-0D80-4EC2-A889-A50863560153}.Debug|x86.ActiveCfg = Debug|Win32
		{BF3DE836-0D80-4EC2-A889-A50863560153}.Debug|x86.Build.0 = Debug|Win32
		{BF3DE836-0D80-4EC2-A889-A50863560153}.Release|x64.ActiveCfg = Release|x64
		{BF3DE836-0D80-4EC2-A889-A50863560153}.Release|x64.Build.0 = Release|x64
		{BF3DE836-0D80-4EC2-A889-A50863560153}.Release|x86.ActiveCfg = Release|Win32
		{BF3DE836-0D80-4EC2-A889-A50863560153}.Release|x86.Build.0 = Release|Win32
	EndGlobalSection
	GlobalSection(SolutionProperties) = preSolution
		HideSolutionNode = FALSE
	EndGlobalSection
	GlobalSection(ExtensibilityGlobals) = postSolution
		SolutionGuid = {49AEFE4C-06E1-4248-ACFC-362D80411AC8}
	EndGlobalSection
EndGlobal
